
Microsoft Visual Studio Solution File, Format Version 12.00
# Visual Studio Version 16
VisualStudioVersion = 16.0.31424.327
MinimumVisualStudioVersion = 10.0.40219.1
Project("{9A19103F-16F7-4668-BE54-9A1E7A4F7556}") = "Hcm.Api", "Hcm.Api\Hcm.Api.csproj", "{FE8FD6FC-F470-4910-9A9E-F93F453C037A}"
EndProject
Project("{9A19103F-16F7-4668-BE54-9A1E7A4F7556}") = "Hcm.Web", "Hcm.Web\Hcm.Web.csproj", "{5C9183A0-C1D3-462E-B061-40F2F56BBF8F}"
EndProject
Project("{9A19103F-16F7-4668-BE54-9A1E7A4F7556}") = "Hcm.Database", "Hcm.Database\Hcm.Database.csproj", "{F2A6B97F-7A7E-4480-871A-93EA870B2A0C}"
EndProject
Project("{9A19103F-16F7-4668-BE54-9A1E7A4F7556}") = "Hcm.Core", "Hcm.Core\Hcm.Core.csproj", "{A8DA846F-C9B1-411A-B6E0-7DFF81E3E5ED}"
EndProject
Project("{FAE04EC0-301F-11D3-BF4B-00C04F79EFBC}") = "Hcm.Api.Client", "Hcm.Api.Client\Hcm.Api.Client.csproj", "{7BCF693F-7A28-440C-81FA-66A84CAB11D0}"
EndProject
Global
	GlobalSection(SolutionConfigurationPlatforms) = preSolution
		Debug|Any CPU = Debug|Any CPU
		Release|Any CPU = Release|Any CPU
	EndGlobalSection
	GlobalSection(ProjectConfigurationPlatforms) = postSolution
		{FE8FD6FC-F470-4910-9A9E-F93F453C037A}.Debug|Any CPU.ActiveCfg = Debug|Any CPU
		{FE8FD6FC-F470-4910-9A9E-F93F453C037A}.Debug|Any CPU.Build.0 = Debug|Any CPU
		{FE8FD6FC-F470-4910-9A9E-F93F453C037A}.Release|Any CPU.ActiveCfg = Release|Any CPU
		{FE8FD6FC-F470-4910-9A9E-F93F453C037A}.Release|Any CPU.Build.0 = Release|Any CPU
		{5C9183A0-C1D3-462E-B061-40F2F56BBF8F}.Debug|Any CPU.ActiveCfg = Debug|Any CPU
		{5C9183A0-C1D3-462E-B061-40F2F56BBF8F}.Debug|Any CPU.Build.0 = Debug|Any CPU
		{5C9183A0-C1D3-462E-B061-40F2F56BBF8F}.Release|Any CPU.ActiveCfg = Release|Any CPU
		{5C9183A0-C1D3-462E-B061-40F2F56BBF8F}.Release|Any CPU.Build.0 = Release|Any CPU
		{F2A6B97F-7A7E-4480-871A-93EA870B2A0C}.Debug|Any CPU.ActiveCfg = Debug|Any CPU
		{F2A6B97F-7A7E-4480-871A-93EA870B2A0C}.Debug|Any CPU.Build.0 = Debug|Any CPU
		{F2A6B97F-7A7E-4480-871A-93EA870B2A0C}.Release|Any CPU.ActiveCfg = Release|Any CPU
		{F2A6B97F-7A7E-4480-871A-93EA870B2A0C}.Release|Any CPU.Build.0 = Release|Any CPU
		{A8DA846F-C9B1-411A-B6E0-7DFF81E3E5ED}.Debug|Any CPU.ActiveCfg = Debug|Any CPU
		{A8DA846F-C9B1-411A-B6E0-7DFF81E3E5ED}.Debug|Any CPU.Build.0 = Debug|Any CPU
		{A8DA846F-C9B1-411A-B6E0-7DFF81E3E5ED}.Release|Any CPU.ActiveCfg = Release|Any CPU
		{A8DA846F-C9B1-411A-B6E0-7DFF81E3E5ED}.Release|Any CPU.Build.0 = Release|Any CPU
		{7BCF693F-7A28-440C-81FA-66A84CAB11D0}.Debug|Any CPU.ActiveCfg = Debug|Any CPU
		{7BCF693F-7A28-440C-81FA-66A84CAB11D0}.Debug|Any CPU.Build.0 = Debug|Any CPU
		{7BCF693F-7A28-440C-81FA-66A84CAB11D0}.Release|Any CPU.ActiveCfg = Release|Any CPU
		{7BCF693F-7A28-440C-81FA-66A84CAB11D0}.Release|Any CPU.Build.0 = Release|Any CPU
	EndGlobalSection
	GlobalSection(SolutionProperties) = preSolution
		HideSolutionNode = FALSE
	EndGlobalSection
	GlobalSection(ExtensibilityGlobals) = postSolution
		SolutionGuid = {D07B1DF4-9695-4671-81EE-DC1001819C80}
	EndGlobalSection
EndGlobal
